
Microsoft Visual Studio Solution File, Format Version 12.00
# Visual Studio Version 16
VisualStudioVersion = 16.0.30717.126
MinimumVisualStudioVersion = 10.0.40219.1
Project("{FAE04EC0-301F-11D3-BF4B-00C04F79EFBC}") = "Вариант 2", "Вариант 2\Вариант 2.csproj", "{A568415F-4E65-42B9-ADAC-FEFC60FB8E9D}"
EndProject
Global
	GlobalSection(SolutionConfigurationPlatforms) = preSolution
		Debug|Any CPU = Debug|Any CPU
		Release|Any CPU = Release|Any CPU
	EndGlobalSection
	GlobalSection(ProjectConfigurationPlatforms) = postSolution
		{A568415F-4E65-42B9-ADAC-FEFC60FB8E9D}.Debug|Any CPU.ActiveCfg = Debug|Any CPU
		{A568415F-4E65-42B9-ADAC-FEFC60FB8E9D}.Debug|Any CPU.Build.0 = Debug|Any CPU
		{A568415F-4E65-42B9-ADAC-FEFC60FB8E9D}.Release|Any CPU.ActiveCfg = Release|Any CPU
		{A568415F-4E65-42B9-ADAC-FEFC60FB8E9D}.Release|Any CPU.Build.0 = Release|Any CPU
	EndGlobalSection
	GlobalSection(SolutionProperties) = preSolution
		HideSolutionNode = FALSE
	EndGlobalSection
	GlobalSection(ExtensibilityGlobals) = postSolution
		SolutionGuid = {902E5387-B5A1-4609-81F4-1ED188359055}
	EndGlobalSection
EndGlobal
